// !$*UTF8*$!
{
	archiveVersion = 1;
	classes = {
	};
	objectVersion = 46;
	objects = {

/* Begin PBXBuildFile section */
		7494C5A019BE122800A067C3 /* Main.storyboard in Resources */ = {isa = PBXBuildFile; fileRef = 7494C59F19BE122800A067C3 /* Main.storyboard */; };
		74D3933B19B8D36800A5D722 /* AppDelegate.swift in Sources */ = {isa = PBXBuildFile; fileRef = 74D3933A19B8D36800A5D722 /* AppDelegate.swift */; };
		74D3933D19B8D36800A5D722 /* LecturesListController.swift in Sources */ = {isa = PBXBuildFile; fileRef = 74D3933C19B8D36800A5D722 /* LecturesListController.swift */; };
		74D3934219B8D36800A5D722 /* Images.xcassets in Resources */ = {isa = PBXBuildFile; fileRef = 74D3934119B8D36800A5D722 /* Images.xcassets */; };
		74D3934E19B8D36800A5D722 /* Lecture2Tests.swift in Sources */ = {isa = PBXBuildFile; fileRef = 74D3934D19B8D36800A5D722 /* Lecture2Tests.swift */; };
		74D3935819B8D5E200A5D722 /* Authentication.storyboard in Resources */ = {isa = PBXBuildFile; fileRef = 74D3935719B8D5E200A5D722 /* Authentication.storyboard */; };
		74D3935B19B8D87B00A5D722 /* LoginViewController.swift in Sources */ = {isa = PBXBuildFile; fileRef = 74D3935A19B8D87B00A5D722 /* LoginViewController.swift */; };
/* End PBXBuildFile section */

/* Begin PBXContainerItemProxy section */
		74D3934819B8D36800A5D722 /* PBXContainerItemProxy */ = {
			isa = PBXContainerItemProxy;
			containerPortal = 74D3932D19B8D36800A5D722 /* Project object */;
			proxyType = 1;
			remoteGlobalIDString = 74D3933419B8D36800A5D722;
			remoteInfo = Lecture2;
		};
/* End PBXContainerItemProxy section */

/* Begin PBXFileReference section */
		7494C59F19BE122800A067C3 /* Main.storyboard */ = {isa = PBXFileReference; fileEncoding = 4; lastKnownFileType = file.storyboard; name = Main.storyboard; path = Storyboards/Main.storyboard; sourceTree = "<group>"; };
		74D3933519B8D36800A5D722 /* Lecture2.app */ = {isa = PBXFileReference; explicitFileType = wrapper.application; includeInIndex = 0; path = Lecture2.app; sourceTree = BUILT_PRODUCTS_DIR; };
		74D3933919B8D36800A5D722 /* Info.plist */ = {isa = PBXFileReference; lastKnownFileType = text.plist.xml; path = Info.plist; sourceTree = "<group>"; };
		74D3933A19B8D36800A5D722 /* AppDelegate.swift */ = {isa = PBXFileReference; lastKnownFileType = sourcecode.swift; path = AppDelegate.swift; sourceTree = "<group>"; };
		74D3933C19B8D36800A5D722 /* LecturesListController.swift */ = {isa = PBXFileReference; lastKnownFileType = sourcecode.swift; path = LecturesListController.swift; sourceTree = "<group>"; };
		74D3934119B8D36800A5D722 /* Images.xcassets */ = {isa = PBXFileReference; lastKnownFileType = folder.assetcatalog; path = Images.xcassets; sourceTree = "<group>"; };
		74D3934719B8D36800A5D722 /* Lecture2Tests.xctest */ = {isa = PBXFileReference; explicitFileType = wrapper.cfbundle; includeInIndex = 0; path = Lecture2Tests.xctest; sourceTree = BUILT_PRODUCTS_DIR; };
		74D3934C19B8D36800A5D722 /* Info.plist */ = {isa = PBXFileReference; lastKnownFileType = text.plist.xml; path = Info.plist; sourceTree = "<group>"; };
		74D3934D19B8D36800A5D722 /* Lecture2Tests.swift */ = {isa = PBXFileReference; lastKnownFileType = sourcecode.swift; path = Lecture2Tests.swift; sourceTree = "<group>"; };
		74D3935719B8D5E200A5D722 /* Authentication.storyboard */ = {isa = PBXFileReference; fileEncoding = 4; lastKnownFileType = file.storyboard; name = Authentication.storyboard; path = Storyboards/Authentication.storyboard; sourceTree = "<group>"; };
		74D3935A19B8D87B00A5D722 /* LoginViewController.swift */ = {isa = PBXFileReference; fileEncoding = 4; lastKnownFileType = sourcecode.swift; name = LoginViewController.swift; path = Controllers/LoginViewController.swift; sourceTree = "<group>"; };
/* End PBXFileReference section */

/* Begin PBXFrameworksBuildPhase section */
		74D3933219B8D36800A5D722 /* Frameworks */ = {
			isa = PBXFrameworksBuildPhase;
			buildActionMask = 2147483647;
			files = (
			);
			runOnlyForDeploymentPostprocessing = 0;
		};
		74D3934419B8D36800A5D722 /* Frameworks */ = {
			isa = PBXFrameworksBuildPhase;
			buildActionMask = 2147483647;
			files = (
			);
			runOnlyForDeploymentPostprocessing = 0;
		};
/* End PBXFrameworksBuildPhase section */

/* Begin PBXGroup section */
		7494C59E19BE11C900A067C3 /* Sounds */ = {
			isa = PBXGroup;
			children = (
			);
			name = Sounds;
			sourceTree = "<group>";
		};
		74D3932C19B8D36800A5D722 = {
			isa = PBXGroup;
			children = (
				74D3933719B8D36800A5D722 /* Lecture2 */,
				74D3934A19B8D36800A5D722 /* Lecture2Tests */,
				74D3933619B8D36800A5D722 /* Products */,
			);
			sourceTree = "<group>";
		};
		74D3933619B8D36800A5D722 /* Products */ = {
			isa = PBXGroup;
			children = (
				74D3933519B8D36800A5D722 /* Lecture2.app */,
				74D3934719B8D36800A5D722 /* Lecture2Tests.xctest */,
			);
			name = Products;
			sourceTree = "<group>";
		};
		74D3933719B8D36800A5D722 /* Lecture2 */ = {
			isa = PBXGroup;
			children = (
				74D3933A19B8D36800A5D722 /* AppDelegate.swift */,
				74D3935C19B8D88200A5D722 /* Controllers */,
				74D3935919B8D5E800A5D722 /* Storyboards */,
				74D3934119B8D36800A5D722 /* Images.xcassets */,
				74D3933819B8D36800A5D722 /* Supporting Files */,
			);
			path = Lecture2;
			sourceTree = "<group>";
		};
		74D3933819B8D36800A5D722 /* Supporting Files */ = {
			isa = PBXGroup;
			children = (
				7494C59E19BE11C900A067C3 /* Sounds */,
				74D3933919B8D36800A5D722 /* Info.plist */,
			);
			name = "Supporting Files";
			sourceTree = "<group>";
		};
		74D3934A19B8D36800A5D722 /* Lecture2Tests */ = {
			isa = PBXGroup;
			children = (
				74D3934D19B8D36800A5D722 /* Lecture2Tests.swift */,
				74D3934B19B8D36800A5D722 /* Supporting Files */,
			);
			path = Lecture2Tests;
			sourceTree = "<group>";
		};
		74D3934B19B8D36800A5D722 /* Supporting Files */ = {
			isa = PBXGroup;
			children = (
				74D3934C19B8D36800A5D722 /* Info.plist */,
			);
			name = "Supporting Files";
			sourceTree = "<group>";
		};
		74D3935919B8D5E800A5D722 /* Storyboards */ = {
			isa = PBXGroup;
			children = (
				7494C59F19BE122800A067C3 /* Main.storyboard */,
				74D3935719B8D5E200A5D722 /* Authentication.storyboard */,
			);
			name = Storyboards;
			sourceTree = "<group>";
		};
		74D3935C19B8D88200A5D722 /* Controllers */ = {
			isa = PBXGroup;
			children = (
				74D3933C19B8D36800A5D722 /* LecturesListController.swift */,
				74D3935A19B8D87B00A5D722 /* LoginViewController.swift */,
			);
			name = Controllers;
			sourceTree = "<group>";
		};
/* End PBXGroup section */

/* Begin PBXNativeTarget section */
		74D3933419B8D36800A5D722 /* Lecture2 */ = {
			isa = PBXNativeTarget;
			buildConfigurationList = 74D3935119B8D36800A5D722 /* Build configuration list for PBXNativeTarget "Lecture2" */;
			buildPhases = (
				74D3933119B8D36800A5D722 /* Sources */,
				74D3933219B8D36800A5D722 /* Frameworks */,
				74D3933319B8D36800A5D722 /* Resources */,
			);
			buildRules = (
			);
			dependencies = (
			);
			name = Lecture2;
			productName = Lecture2;
			productReference = 74D3933519B8D36800A5D722 /* Lecture2.app */;
			productType = "com.apple.product-type.application";
		};
		74D3934619B8D36800A5D722 /* Lecture2Tests */ = {
			isa = PBXNativeTarget;
			buildConfigurationList = 74D3935419B8D36800A5D722 /* Build configuration list for PBXNativeTarget "Lecture2Tests" */;
			buildPhases = (
				74D3934319B8D36800A5D722 /* Sources */,
				74D3934419B8D36800A5D722 /* Frameworks */,
				74D3934519B8D36800A5D722 /* Resources */,
			);
			buildRules = (
			);
			dependencies = (
				74D3934919B8D36800A5D722 /* PBXTargetDependency */,
			);
			name = Lecture2Tests;
			productName = Lecture2Tests;
			productReference = 74D3934719B8D36800A5D722 /* Lecture2Tests.xctest */;
			productType = "com.apple.product-type.bundle.unit-test";
		};
/* End PBXNativeTarget section */

/* Begin PBXProject section */
		74D3932D19B8D36800A5D722 /* Project object */ = {
			isa = PBXProject;
			attributes = {
				LastUpgradeCheck = 0600;
				ORGANIZATIONNAME = "itomych studio";
				TargetAttributes = {
					74D3933419B8D36800A5D722 = {
						CreatedOnToolsVersion = 6.0;
					};
					74D3934619B8D36800A5D722 = {
						CreatedOnToolsVersion = 6.0;
						TestTargetID = 74D3933419B8D36800A5D722;
					};
				};
			};
			buildConfigurationList = 74D3933019B8D36800A5D722 /* Build configuration list for PBXProject "Lecture2" */;
			compatibilityVersion = "Xcode 3.2";
			developmentRegion = English;
			hasScannedForEncodings = 0;
			knownRegions = (
				en,
				Base,
			);
			mainGroup = 74D3932C19B8D36800A5D722;
			productRefGroup = 74D3933619B8D36800A5D722 /* Products */;
			projectDirPath = "";
			projectRoot = "";
			targets = (
				74D3933419B8D36800A5D722 /* Lecture2 */,
				74D3934619B8D36800A5D722 /* Lecture2Tests */,
			);
		};
/* End PBXProject section */

/* Begin PBXResourcesBuildPhase section */
		74D3933319B8D36800A5D722 /* Resources */ = {
			isa = PBXResourcesBuildPhase;
			buildActionMask = 2147483647;
			files = (
				7494C5A019BE122800A067C3 /* Main.storyboard in Resources */,
				74D3935819B8D5E200A5D722 /* Authentication.storyboard in Resources */,
				74D3934219B8D36800A5D722 /* Images.xcassets in Resources */,
			);
			runOnlyForDeploymentPostprocessing = 0;
		};
		74D3934519B8D36800A5D722 /* Resources */ = {
			isa = PBXResourcesBuildPhase;
			buildActionMask = 2147483647;
			files = (
			);
			runOnlyForDeploymentPostprocessing = 0;
		};
/* End PBXResourcesBuildPhase section */

/* Begin PBXSourcesBuildPhase section */
		74D3933119B8D36800A5D722 /* Sources */ = {
			isa = PBXSourcesBuildPhase;
			buildActionMask = 2147483647;
			files = (
				74D3935B19B8D87B00A5D722 /* LoginViewController.swift in Sources */,
				74D3933D19B8D36800A5D722 /* LecturesListController.swift in Sources */,
				74D3933B19B8D36800A5D722 /* AppDelegate.swift in Sources */,
			);
			runOnlyForDeploymentPostprocessing = 0;
		};
		74D3934319B8D36800A5D722 /* Sources */ = {
			isa = PBXSourcesBuildPhase;
			buildActionMask = 2147483647;
			files = (
				74D3934E19B8D36800A5D722 /* Lecture2Tests.swift in Sources */,
			);
			runOnlyForDeploymentPostprocessing = 0;
		};
/* End PBXSourcesBuildPhase section */

/* Begin PBXTargetDependency section */
		74D3934919B8D36800A5D722 /* PBXTargetDependency */ = {
			isa = PBXTargetDependency;
			target = 74D3933419B8D36800A5D722 /* Lecture2 */;
			targetProxy = 74D3934819B8D36800A5D722 /* PBXContainerItemProxy */;
		};
/* End PBXTargetDependency section */

/* Begin XCBuildConfiguration section */
		74D3934F19B8D36800A5D722 /* Debug */ = {
			isa = XCBuildConfiguration;
			buildSettings = {
				ALWAYS_SEARCH_USER_PATHS = NO;
				CLANG_CXX_LANGUAGE_STANDARD = "gnu++0x";
				CLANG_CXX_LIBRARY = "libc++";
				CLANG_ENABLE_MODULES = YES;
				CLANG_ENABLE_OBJC_ARC = YES;
				CLANG_WARN_BOOL_CONVERSION = YES;
				CLANG_WARN_CONSTANT_CONVERSION = YES;
				CLANG_WARN_DIRECT_OBJC_ISA_USAGE = YES_ERROR;
				CLANG_WARN_EMPTY_BODY = YES;
				CLANG_WARN_ENUM_CONVERSION = YES;
				CLANG_WARN_INT_CONVERSION = YES;
				CLANG_WARN_OBJC_ROOT_CLASS = YES_ERROR;
				CLANG_WARN_UNREACHABLE_CODE = YES;
				CLANG_WARN__DUPLICATE_METHOD_MATCH = YES;
				"CODE_SIGN_IDENTITY[sdk=iphoneos*]" = "iPhone Developer";
				COPY_PHASE_STRIP = NO;
				ENABLE_STRICT_OBJC_MSGSEND = YES;
				GCC_C_LANGUAGE_STANDARD = gnu99;
				GCC_DYNAMIC_NO_PIC = NO;
				GCC_OPTIMIZATION_LEVEL = 0;
				GCC_PREPROCESSOR_DEFINITIONS = (
					"DEBUG=1",
					"$(inherited)",
				);
				GCC_SYMBOLS_PRIVATE_EXTERN = NO;
				GCC_WARN_64_TO_32_BIT_CONVERSION = YES;
				GCC_WARN_ABOUT_RETURN_TYPE = YES_ERROR;
				GCC_WARN_UNDECLARED_SELECTOR = YES;
				GCC_WARN_UNINITIALIZED_AUTOS = YES_AGGRESSIVE;
				GCC_WARN_UNUSED_FUNCTION = YES;
				GCC_WARN_UNUSED_VARIABLE = YES;
				IPHONEOS_DEPLOYMENT_TARGET = 8.0;
				MTL_ENABLE_DEBUG_INFO = YES;
				ONLY_ACTIVE_ARCH = YES;
				SDKROOT = iphoneos;
				SWIFT_OPTIMIZATION_LEVEL = "-Onone";
			};
			name = Debug;
		};
		74D3935019B8D36800A5D722 /* Release */ = {
			isa = XCBuildConfiguration;
			buildSettings = {
				ALWAYS_SEARCH_USER_PATHS = NO;
				CLANG_CXX_LANGUAGE_STANDARD = "gnu++0x";
				CLANG_CXX_LIBRARY = "libc++";
				CLANG_ENABLE_MODULES = YES;
				CLANG_ENABLE_OBJC_ARC = YES;
				CLANG_WARN_BOOL_CONVERSION = YES;
				CLANG_WARN_CONSTANT_CONVERSION = YES;
				CLANG_WARN_DIRECT_OBJC_ISA_USAGE = YES_ERROR;
				CLANG_WARN_EMPTY_BODY = YES;
				CLANG_WARN_ENUM_CONVERSION = YES;
				CLANG_WARN_INT_CONVERSION = YES;
				CLANG_WARN_OBJC_ROOT_CLASS = YES_ERROR;
				CLANG_WARN_UNREACHABLE_CODE = YES;
				CLANG_WARN__DUPLICATE_METHOD_MATCH = YES;
				"CODE_SIGN_IDENTITY[sdk=iphoneos*]" = "iPhone Developer";
				COPY_PHASE_STRIP = YES;
				ENABLE_NS_ASSERTIONS = NO;
				ENABLE_STRICT_OBJC_MSGSEND = YES;
				GCC_C_LANGUAGE_STANDARD = gnu99;
				GCC_WARN_64_TO_32_BIT_CONVERSION = YES;
				GCC_WARN_ABOUT_RETURN_TYPE = YES_ERROR;
				GCC_WARN_UNDECLARED_SELECTOR = YES;
				GCC_WARN_UNINITIALIZED_AUTOS = YES_AGGRESSIVE;
				GCC_WARN_UNUSED_FUNCTION = YES;
				GCC_WARN_UNUSED_VARIABLE = YES;
				IPHONEOS_DEPLOYMENT_TARGET = 8.0;
				MTL_ENABLE_DEBUG_INFO = NO;
				SDKROOT = iphoneos;
				VALIDATE_PRODUCT = YES;
			};
			name = Release;
		};
		74D3935219B8D36800A5D722 /* Debug */ = {
			isa = XCBuildConfiguration;
			buildSettings = {
				ASSETCATALOG_COMPILER_APPICON_NAME = AppIcon;
				ASSETCATALOG_COMPILER_LAUNCHIMAGE_NAME = LaunchImage;
				INFOPLIST_FILE = Lecture2/Info.plist;
				IPHONEOS_DEPLOYMENT_TARGET = 7.0;
				LD_RUNPATH_SEARCH_PATHS = "$(inherited) @executable_path/Frameworks";
				PRODUCT_NAME = "$(TARGET_NAME)";
			};
			name = Debug;
		};
		74D3935319B8D36800A5D722 /* Release */ = {
			isa = XCBuildConfiguration;
			buildSettings = {
				ASSETCATALOG_COMPILER_APPICON_NAME = AppIcon;
				ASSETCATALOG_COMPILER_LAUNCHIMAGE_NAME = LaunchImage;
				INFOPLIST_FILE = Lecture2/Info.plist;
				IPHONEOS_DEPLOYMENT_TARGET = 7.0;
				LD_RUNPATH_SEARCH_PATHS = "$(inherited) @executable_path/Frameworks";
				PRODUCT_NAME = "$(TARGET_NAME)";
			};
			name = Release;
		};
		74D3935519B8D36800A5D722 /* Debug */ = {
			isa = XCBuildConfiguration;
			buildSettings = {
				BUNDLE_LOADER = "$(TEST_HOST)";
				FRAMEWORK_SEARCH_PATHS = (
					"$(SDKROOT)/Developer/Library/Frameworks",
					"$(inherited)",
				);
				GCC_PREPROCESSOR_DEFINITIONS = (
					"DEBUG=1",
					"$(inherited)",
				);
				INFOPLIST_FILE = Lecture2Tests/Info.plist;
				LD_RUNPATH_SEARCH_PATHS = "$(inherited) @executable_path/Frameworks @loader_path/Frameworks";
				PRODUCT_NAME = "$(TARGET_NAME)";
				TEST_HOST = "$(BUILT_PRODUCTS_DIR)/Lecture2.app/Lecture2";
			};
			name = Debug;
		};
		74D3935619B8D36800A5D722 /* Release */ = {
			isa = XCBuildConfiguration;
			buildSettings = {
				BUNDLE_LOADER = "$(TEST_HOST)";
				FRAMEWORK_SEARCH_PATHS = (
					"$(SDKROOT)/Developer/Library/Frameworks",
					"$(inherited)",
				);
				INFOPLIST_FILE = Lecture2Tests/Info.plist;
				LD_RUNPATH_SEARCH_PATHS = "$(inherited) @executable_path/Frameworks @loader_path/Frameworks";
				PRODUCT_NAME = "$(TARGET_NAME)";
				TEST_HOST = "$(BUILT_PRODUCTS_DIR)/Lecture2.app/Lecture2";
			};
			name = Release;
		};
/* End XCBuildConfiguration section */

/* Begin XCConfigurationList section */
		74D3933019B8D36800A5D722 /* Build configuration list for PBXProject "Lecture2" */ = {
			isa = XCConfigurationList;
			buildConfigurations = (
				74D3934F19B8D36800A5D722 /* Debug */,
				74D3935019B8D36800A5D722 /* Release */,
			);
			defaultConfigurationIsVisible = 0;
			defaultConfigurationName = Release;
		};
		74D3935119B8D36800A5D722 /* Build configuration list for PBXNativeTarget "Lecture2" */ = {
			isa = XCConfigurationList;
			buildConfigurations = (
				74D3935219B8D36800A5D722 /* Debug */,
				74D3935319B8D36800A5D722 /* Release */,
			);
			defaultConfigurationIsVisible = 0;
			defaultConfigurationName = Release;
		};
		74D3935419B8D36800A5D722 /* Build configuration list for PBXNativeTarget "Lecture2Tests" */ = {
			isa = XCConfigurationList;
			buildConfigurations = (
				74D3935519B8D36800A5D722 /* Debug */,
				74D3935619B8D36800A5D722 /* Release */,
			);
			defaultConfigurationIsVisible = 0;
			defaultConfigurationName = Release;
		};
/* End XCConfigurationList section */
	};
	rootObject = 74D3932D19B8D36800A5D722 /* Project object */;
}
